
Microsoft Visual Studio Solution File, Format Version 12.00
# Visual Studio Version 16
VisualStudioVersion = 16.0.31129.286
MinimumVisualStudioVersion = 10.0.40219.1
Project("{FAE04EC0-301F-11D3-BF4B-00C04F79EFBC}") = "HHT_AutoSendbackGiftcode_MVC", "HHT_AutoSendbackGiftcode_MVC\HHT_AutoSendbackGiftcode_MVC.csproj", "{2149A70D-B376-4CE7-A5DC-48A2C050305B}"
EndProject
Global
	GlobalSection(SolutionConfigurationPlatforms) = preSolution
		Debug|Any CPU = Debug|Any CPU
		Release|Any CPU = Release|Any CPU
	EndGlobalSection
	GlobalSection(ProjectConfigurationPlatforms) = postSolution
		{2149A70D-B376-4CE7-A5DC-48A2C050305B}.Debug|Any CPU.ActiveCfg = Debug|Any CPU
		{2149A70D-B376-4CE7-A5DC-48A2C050305B}.Debug|Any CPU.Build.0 = Debug|Any CPU
		{2149A70D-B376-4CE7-A5DC-48A2C050305B}.Release|Any CPU.ActiveCfg = Release|Any CPU
		{2149A70D-B376-4CE7-A5DC-48A2C050305B}.Release|Any CPU.Build.0 = Release|Any CPU
	EndGlobalSection
	GlobalSection(SolutionProperties) = preSolution
		HideSolutionNode = FALSE
	EndGlobalSection
	GlobalSection(ExtensibilityGlobals) = postSolution
		SolutionGuid = {17558A36-4F0B-4F92-9142-A806B7B11B43}
	EndGlobalSection
EndGlobal
